
Microsoft Visual Studio Solution File, Format Version 12.00
# Visual Studio Version 17
VisualStudioVersion = 17.10.35004.147
MinimumVisualStudioVersion = 10.0.40219.1
Project("{2150E333-8FDC-42A3-9474-1A3956D46DE8}") = "WPF", "WPF", "{871CF52C-A819-4669-8D0F-DB010C002A2C}"
EndProject
Project("{2150E333-8FDC-42A3-9474-1A3956D46DE8}") = "WinForms", "WinForms", "{BCEDAC56-1F87-455F-BAD1-04A2CAA00D3D}"
EndProject
Project("{FAE04EC0-301F-11D3-BF4B-00C04F79EFBC}") = "Samples.Forms.Netfx", "Samples\Samples.Forms.Netfx\Samples.Forms.Netfx.csproj", "{764ACBC8-C103-48CB-BE69-621CD5245C6D}"
EndProject
Project("{FAE04EC0-301F-11D3-BF4B-00C04F79EFBC}") = "Samples.WPF.Netfx", "Samples\Samples.WPF.Netfx\Samples.WPF.Netfx.csproj", "{A3171895-176B-4AF0-9AB9-B13D005D080C}"
EndProject
Project("{9A19103F-16F7-4668-BE54-9A1E7A4F7556}") = "Wankuma.SelectFolder.Forms", "Wankuma.SelectFolder.Forms\Wankuma.SelectFolder.Forms.csproj", "{4CBD8958-33ED-47EE-8E55-7DAA10F5B7A3}"
EndProject
Project("{9A19103F-16F7-4668-BE54-9A1E7A4F7556}") = "Wankuma.SelectFolder", "Wankuma.SelectFolder\Wankuma.SelectFolder.csproj", "{4503F19C-785E-4AF3-9FEA-328CF48CBEAC}"
EndProject
Project("{9A19103F-16F7-4668-BE54-9A1E7A4F7556}") = "Wankuma.SelectFolder.WPF", "Wankuma.SelectFolder.WPF\Wankuma.SelectFolder.WPF.csproj", "{32C6040B-8FDA-44C9-8A7C-5979A5655A97}"
EndProject
Project("{2150E333-8FDC-42A3-9474-1A3956D46DE8}") = "Libraries", "Libraries", "{5937940E-6712-4206-8903-01893E3D8199}"
EndProject
Global
	GlobalSection(SolutionConfigurationPlatforms) = preSolution
		Debug|Any CPU = Debug|Any CPU
		Release|Any CPU = Release|Any CPU
	EndGlobalSection
	GlobalSection(ProjectConfigurationPlatforms) = postSolution
		{764ACBC8-C103-48CB-BE69-621CD5245C6D}.Debug|Any CPU.ActiveCfg = Debug|Any CPU
		{764ACBC8-C103-48CB-BE69-621CD5245C6D}.Debug|Any CPU.Build.0 = Debug|Any CPU
		{764ACBC8-C103-48CB-BE69-621CD5245C6D}.Release|Any CPU.ActiveCfg = Release|Any CPU
		{764ACBC8-C103-48CB-BE69-621CD5245C6D}.Release|Any CPU.Build.0 = Release|Any CPU
		{A3171895-176B-4AF0-9AB9-B13D005D080C}.Debug|Any CPU.ActiveCfg = Debug|Any CPU
		{A3171895-176B-4AF0-9AB9-B13D005D080C}.Debug|Any CPU.Build.0 = Debug|Any CPU
		{A3171895-176B-4AF0-9AB9-B13D005D080C}.Release|Any CPU.ActiveCfg = Release|Any CPU
		{A3171895-176B-4AF0-9AB9-B13D005D080C}.Release|Any CPU.Build.0 = Release|Any CPU
		{4CBD8958-33ED-47EE-8E55-7DAA10F5B7A3}.Debug|Any CPU.ActiveCfg = Debug|Any CPU
		{4CBD8958-33ED-47EE-8E55-7DAA10F5B7A3}.Debug|Any CPU.Build.0 = Debug|Any CPU
		{4CBD8958-33ED-47EE-8E55-7DAA10F5B7A3}.Release|Any CPU.ActiveCfg = Release|Any CPU
		{4CBD8958-33ED-47EE-8E55-7DAA10F5B7A3}.Release|Any CPU.Build.0 = Release|Any CPU
		{4503F19C-785E-4AF3-9FEA-328CF48CBEAC}.Debug|Any CPU.ActiveCfg = Debug|Any CPU
		{4503F19C-785E-4AF3-9FEA-328CF48CBEAC}.Debug|Any CPU.Build.0 = Debug|Any CPU
		{4503F19C-785E-4AF3-9FEA-328CF48CBEAC}.Release|Any CPU.ActiveCfg = Release|Any CPU
		{4503F19C-785E-4AF3-9FEA-328CF48CBEAC}.Release|Any CPU.Build.0 = Release|Any CPU
		{32C6040B-8FDA-44C9-8A7C-5979A5655A97}.Debug|Any CPU.ActiveCfg = Debug|Any CPU
		{32C6040B-8FDA-44C9-8A7C-5979A5655A97}.Debug|Any CPU.Build.0 = Debug|Any CPU
		{32C6040B-8FDA-44C9-8A7C-5979A5655A97}.Release|Any CPU.ActiveCfg = Release|Any CPU
		{32C6040B-8FDA-44C9-8A7C-5979A5655A97}.Release|Any CPU.Build.0 = Release|Any CPU
	EndGlobalSection
	GlobalSection(SolutionProperties) = preSolution
		HideSolutionNode = FALSE
	EndGlobalSection
	GlobalSection(NestedProjects) = preSolution
		{764ACBC8-C103-48CB-BE69-621CD5245C6D} = {BCEDAC56-1F87-455F-BAD1-04A2CAA00D3D}
		{A3171895-176B-4AF0-9AB9-B13D005D080C} = {871CF52C-A819-4669-8D0F-DB010C002A2C}
		{4CBD8958-33ED-47EE-8E55-7DAA10F5B7A3} = {5937940E-6712-4206-8903-01893E3D8199}
		{4503F19C-785E-4AF3-9FEA-328CF48CBEAC} = {5937940E-6712-4206-8903-01893E3D8199}
		{32C6040B-8FDA-44C9-8A7C-5979A5655A97} = {5937940E-6712-4206-8903-01893E3D8199}
	EndGlobalSection
	GlobalSection(ExtensibilityGlobals) = postSolution
		SolutionGuid = {7E02C83D-F865-4DB3-B1E4-D73672A545D0}
	EndGlobalSection
EndGlobal
